
Microsoft Visual Studio Solution File, Format Version 12.00
# Visual Studio Version 17
VisualStudioVersion = 17.13.35919.96 d17.13
MinimumVisualStudioVersion = 10.0.40219.1
Project("{FAE04EC0-301F-11D3-BF4B-00C04F79EFBC}") = "Tavern Rush", "Tavern Rush\Tavern Rush.csproj", "{6A104FC0-7839-418E-B18E-AF73214D777E}"
EndProject
Global
	GlobalSection(SolutionConfigurationPlatforms) = preSolution
		Debug|Any CPU = Debug|Any CPU
		Release|Any CPU = Release|Any CPU
	EndGlobalSection
	GlobalSection(ProjectConfigurationPlatforms) = postSolution
		{6A104FC0-7839-418E-B18E-AF73214D777E}.Debug|Any CPU.ActiveCfg = Debug|Any CPU
		{6A104FC0-7839-418E-B18E-AF73214D777E}.Debug|Any CPU.Build.0 = Debug|Any CPU
		{6A104FC0-7839-418E-B18E-AF73214D777E}.Release|Any CPU.ActiveCfg = Release|Any CPU
		{6A104FC0-7839-418E-B18E-AF73214D777E}.Release|Any CPU.Build.0 = Release|Any CPU
	EndGlobalSection
	GlobalSection(SolutionProperties) = preSolution
		HideSolutionNode = FALSE
	EndGlobalSection
	GlobalSection(ExtensibilityGlobals) = postSolution
		SolutionGuid = {099F3F25-0CAB-4271-A778-E39C8E2EF822}
	EndGlobalSection
EndGlobal
